
Microsoft Visual Studio Solution File, Format Version 12.00
# Visual Studio Version 17
VisualStudioVersion = 17.3.32819.101
MinimumVisualStudioVersion = 10.0.40219.1
Project("{9A19103F-16F7-4668-BE54-9A1E7A4F7556}") = "MineSweeperGame.View", "MineSweeperGame.View\MineSweeperGame.View.csproj", "{3E3C568C-D70C-47E0-B2EE-2077F45B0F45}"
EndProject
Project("{9A19103F-16F7-4668-BE54-9A1E7A4F7556}") = "MineSweeperGame.Model", "MineSweeperGame.Model\MineSweeperGame.Model.csproj", "{F3CAA491-0D91-45EE-BA4F-60A29A95641B}"
EndProject
Project("{9A19103F-16F7-4668-BE54-9A1E7A4F7556}") = "MineSweeperGame.Persistence", "MineSweeperGame.Persistence\MineSweeperGame.Persistence.csproj", "{A91EE6AB-AE63-43B1-9DB4-64DBD69109F5}"
EndProject
Project("{9A19103F-16F7-4668-BE54-9A1E7A4F7556}") = "MineSweeperGame.Persistence.Text", "MineSweeperGame.Persistence.Text\MineSweeperGame.Persistence.Text.csproj", "{517C7CF1-3450-46D4-87C8-35CF1B803722}"
	ProjectSection(ProjectDependencies) = postProject
		{A91EE6AB-AE63-43B1-9DB4-64DBD69109F5} = {A91EE6AB-AE63-43B1-9DB4-64DBD69109F5}
	EndProjectSection
EndProject
Project("{FAE04EC0-301F-11D3-BF4B-00C04F79EFBC}") = "MineSweeperGame.Test", "MineSweeperGame.Test\MineSweeperGame.Test.csproj", "{F9D4C7AA-7FD5-4341-85C8-3D5A3D8B52A2}"
EndProject
Global
	GlobalSection(SolutionConfigurationPlatforms) = preSolution
		Debug|Any CPU = Debug|Any CPU
		Release|Any CPU = Release|Any CPU
	EndGlobalSection
	GlobalSection(ProjectConfigurationPlatforms) = postSolution
		{3E3C568C-D70C-47E0-B2EE-2077F45B0F45}.Debug|Any CPU.ActiveCfg = Debug|Any CPU
		{3E3C568C-D70C-47E0-B2EE-2077F45B0F45}.Debug|Any CPU.Build.0 = Debug|Any CPU
		{3E3C568C-D70C-47E0-B2EE-2077F45B0F45}.Release|Any CPU.ActiveCfg = Release|Any CPU
		{3E3C568C-D70C-47E0-B2EE-2077F45B0F45}.Release|Any CPU.Build.0 = Release|Any CPU
		{F3CAA491-0D91-45EE-BA4F-60A29A95641B}.Debug|Any CPU.ActiveCfg = Debug|Any CPU
		{F3CAA491-0D91-45EE-BA4F-60A29A95641B}.Debug|Any CPU.Build.0 = Debug|Any CPU
		{F3CAA491-0D91-45EE-BA4F-60A29A95641B}.Release|Any CPU.ActiveCfg = Release|Any CPU
		{F3CAA491-0D91-45EE-BA4F-60A29A95641B}.Release|Any CPU.Build.0 = Release|Any CPU
		{A91EE6AB-AE63-43B1-9DB4-64DBD69109F5}.Debug|Any CPU.ActiveCfg = Debug|Any CPU
		{A91EE6AB-AE63-43B1-9DB4-64DBD69109F5}.Debug|Any CPU.Build.0 = Debug|Any CPU
		{A91EE6AB-AE63-43B1-9DB4-64DBD69109F5}.Release|Any CPU.ActiveCfg = Release|Any CPU
		{A91EE6AB-AE63-43B1-9DB4-64DBD69109F5}.Release|Any CPU.Build.0 = Release|Any CPU
		{517C7CF1-3450-46D4-87C8-35CF1B803722}.Debug|Any CPU.ActiveCfg = Debug|Any CPU
		{517C7CF1-3450-46D4-87C8-35CF1B803722}.Debug|Any CPU.Build.0 = Debug|Any CPU
		{517C7CF1-3450-46D4-87C8-35CF1B803722}.Release|Any CPU.ActiveCfg = Release|Any CPU
		{517C7CF1-3450-46D4-87C8-35CF1B803722}.Release|Any CPU.Build.0 = Release|Any CPU
		{F9D4C7AA-7FD5-4341-85C8-3D5A3D8B52A2}.Debug|Any CPU.ActiveCfg = Debug|Any CPU
		{F9D4C7AA-7FD5-4341-85C8-3D5A3D8B52A2}.Debug|Any CPU.Build.0 = Debug|Any CPU
		{F9D4C7AA-7FD5-4341-85C8-3D5A3D8B52A2}.Release|Any CPU.ActiveCfg = Release|Any CPU
		{F9D4C7AA-7FD5-4341-85C8-3D5A3D8B52A2}.Release|Any CPU.Build.0 = Release|Any CPU
	EndGlobalSection
	GlobalSection(SolutionProperties) = preSolution
		HideSolutionNode = FALSE
	EndGlobalSection
	GlobalSection(ExtensibilityGlobals) = postSolution
		SolutionGuid = {7142A79A-0A50-4B64-AFCD-BD0E836511A6}
	EndGlobalSection
EndGlobal
